
Microsoft Visual Studio Solution File, Format Version 12.00
# Visual Studio Version 17
VisualStudioVersion = 17.0.31903.59
MinimumVisualStudioVersion = 10.0.40219.1
Project("{FAE04EC0-301F-11D3-BF4B-00C04F79EFBC}") = "Domain", "Domain\Domain.csproj", "{1A27A7F3-031C-4BD2-A2F2-22694305BA4D}"
EndProject
Project("{FAE04EC0-301F-11D3-BF4B-00C04F79EFBC}") = "Infrastructure", "Infrastructure\Infrastructure.csproj", "{87E7E028-6B56-40E1-9189-D52DE09E77A4}"
EndProject
Project("{FAE04EC0-301F-11D3-BF4B-00C04F79EFBC}") = "WebApi", "WebApi\WebApi.csproj", "{FFF3FA62-B77F-4EAC-AF08-BEEDD98762DA}"
EndProject
Global
	GlobalSection(SolutionConfigurationPlatforms) = preSolution
		Debug|Any CPU = Debug|Any CPU
		Release|Any CPU = Release|Any CPU
	EndGlobalSection
	GlobalSection(SolutionProperties) = preSolution
		HideSolutionNode = FALSE
	EndGlobalSection
	GlobalSection(ProjectConfigurationPlatforms) = postSolution
		{1A27A7F3-031C-4BD2-A2F2-22694305BA4D}.Debug|Any CPU.ActiveCfg = Debug|Any CPU
		{1A27A7F3-031C-4BD2-A2F2-22694305BA4D}.Debug|Any CPU.Build.0 = Debug|Any CPU
		{1A27A7F3-031C-4BD2-A2F2-22694305BA4D}.Release|Any CPU.ActiveCfg = Release|Any CPU
		{1A27A7F3-031C-4BD2-A2F2-22694305BA4D}.Release|Any CPU.Build.0 = Release|Any CPU
		{87E7E028-6B56-40E1-9189-D52DE09E77A4}.Debug|Any CPU.ActiveCfg = Debug|Any CPU
		{87E7E028-6B56-40E1-9189-D52DE09E77A4}.Debug|Any CPU.Build.0 = Debug|Any CPU
		{87E7E028-6B56-40E1-9189-D52DE09E77A4}.Release|Any CPU.ActiveCfg = Release|Any CPU
		{87E7E028-6B56-40E1-9189-D52DE09E77A4}.Release|Any CPU.Build.0 = Release|Any CPU
		{FFF3FA62-B77F-4EAC-AF08-BEEDD98762DA}.Debug|Any CPU.ActiveCfg = Debug|Any CPU
		{FFF3FA62-B77F-4EAC-AF08-BEEDD98762DA}.Debug|Any CPU.Build.0 = Debug|Any CPU
		{FFF3FA62-B77F-4EAC-AF08-BEEDD98762DA}.Release|Any CPU.ActiveCfg = Release|Any CPU
		{FFF3FA62-B77F-4EAC-AF08-BEEDD98762DA}.Release|Any CPU.Build.0 = Release|Any CPU
	EndGlobalSection
EndGlobal
